// !$*UTF8*$!
{
	archiveVersion = 1;
	classes = {
	};
	objectVersion = 50;
	objects = {

/* Begin PBXBuildFile section */
		800712452534DD7F00F25FBC /* AppDelegate.swift in Sources */ = {isa = PBXBuildFile; fileRef = 800712442534DD7F00F25FBC /* AppDelegate.swift */; };
		800712472534DD7F00F25FBC /* SceneDelegate.swift in Sources */ = {isa = PBXBuildFile; fileRef = 800712462534DD7F00F25FBC /* SceneDelegate.swift */; };
		8007124E2534DD8200F25FBC /* Assets.xcassets in Resources */ = {isa = PBXBuildFile; fileRef = 8007124D2534DD8200F25FBC /* Assets.xcassets */; };
		8007125D2534E32600F25FBC /* SearchVC.swift in Sources */ = {isa = PBXBuildFile; fileRef = 8007125C2534E32600F25FBC /* SearchVC.swift */; };
		800712602534E36300F25FBC /* FavoritesListVC.swift in Sources */ = {isa = PBXBuildFile; fileRef = 8007125F2534E36300F25FBC /* FavoritesListVC.swift */; };
		80071263253580C800F25FBC /* GFButton.swift in Sources */ = {isa = PBXBuildFile; fileRef = 80071262253580C800F25FBC /* GFButton.swift */; };
		80071267253583CA00F25FBC /* LaunchScreen.storyboard in Resources */ = {isa = PBXBuildFile; fileRef = 80071266253583CA00F25FBC /* LaunchScreen.storyboard */; };
		8007126A253584D800F25FBC /* GFTextField.swift in Sources */ = {isa = PBXBuildFile; fileRef = 80071269253584D800F25FBC /* GFTextField.swift */; };
		8007126E2537824100F25FBC /* FollowerListVC.swift in Sources */ = {isa = PBXBuildFile; fileRef = 8007126D2537824100F25FBC /* FollowerListVC.swift */; };
		8029461225433F01004B0595 /* FollowerCell.swift in Sources */ = {isa = PBXBuildFile; fileRef = 8029461125433F01004B0595 /* FollowerCell.swift */; };
		8029461625433FDA004B0595 /* GFAvatarImageView.swift in Sources */ = {isa = PBXBuildFile; fileRef = 8029461525433FDA004B0595 /* GFAvatarImageView.swift */; };
		8029461A254739CA004B0595 /* UIHelper.swift in Sources */ = {isa = PBXBuildFile; fileRef = 80294619254739CA004B0595 /* UIHelper.swift */; };
		806C1F58253E03B0005EB6F9 /* GFTitleLabel.swift in Sources */ = {isa = PBXBuildFile; fileRef = 806C1F57253E03B0005EB6F9 /* GFTitleLabel.swift */; };
		806C1F5B253E055C005EB6F9 /* GFBodyLabel.swift in Sources */ = {isa = PBXBuildFile; fileRef = 806C1F5A253E055C005EB6F9 /* GFBodyLabel.swift */; };
		806C1F5E253E0629005EB6F9 /* GFAlertViewController.swift in Sources */ = {isa = PBXBuildFile; fileRef = 806C1F5D253E0629005EB6F9 /* GFAlertViewController.swift */; };
		806C1F61253E0E22005EB6F9 /* UIViewController+Ext.swift in Sources */ = {isa = PBXBuildFile; fileRef = 806C1F60253E0E22005EB6F9 /* UIViewController+Ext.swift */; };
		806C1F6A253F5562005EB6F9 /* Follower.swift in Sources */ = {isa = PBXBuildFile; fileRef = 806C1F69253F5562005EB6F9 /* Follower.swift */; };
		806C1F6D253F5606005EB6F9 /* User.swift in Sources */ = {isa = PBXBuildFile; fileRef = 806C1F6C253F5606005EB6F9 /* User.swift */; };
		806C1F72253F5AA6005EB6F9 /* NetworkManager.swift in Sources */ = {isa = PBXBuildFile; fileRef = 806C1F71253F5AA6005EB6F9 /* NetworkManager.swift */; };
		806C1F76253F67EF005EB6F9 /* GFError.swift in Sources */ = {isa = PBXBuildFile; fileRef = 806C1F75253F67EF005EB6F9 /* GFError.swift */; };
/* End PBXBuildFile section */

/* Begin PBXFileReference section */
		800712412534DD7F00F25FBC /* GitHubFollowers.app */ = {isa = PBXFileReference; explicitFileType = wrapper.application; includeInIndex = 0; path = GitHubFollowers.app; sourceTree = BUILT_PRODUCTS_DIR; };
		800712442534DD7F00F25FBC /* AppDelegate.swift */ = {isa = PBXFileReference; lastKnownFileType = sourcecode.swift; path = AppDelegate.swift; sourceTree = "<group>"; };
		800712462534DD7F00F25FBC /* SceneDelegate.swift */ = {isa = PBXFileReference; lastKnownFileType = sourcecode.swift; path = SceneDelegate.swift; sourceTree = "<group>"; };
		8007124D2534DD8200F25FBC /* Assets.xcassets */ = {isa = PBXFileReference; lastKnownFileType = folder.assetcatalog; path = Assets.xcassets; sourceTree = "<group>"; };
		800712522534DD8200F25FBC /* Info.plist */ = {isa = PBXFileReference; lastKnownFileType = text.plist.xml; path = Info.plist; sourceTree = "<group>"; };
		8007125C2534E32600F25FBC /* SearchVC.swift */ = {isa = PBXFileReference; lastKnownFileType = sourcecode.swift; path = SearchVC.swift; sourceTree = "<group>"; };
		8007125F2534E36300F25FBC /* FavoritesListVC.swift */ = {isa = PBXFileReference; lastKnownFileType = sourcecode.swift; path = FavoritesListVC.swift; sourceTree = "<group>"; };
		80071262253580C800F25FBC /* GFButton.swift */ = {isa = PBXFileReference; lastKnownFileType = sourcecode.swift; path = GFButton.swift; sourceTree = "<group>"; };
		80071266253583CA00F25FBC /* LaunchScreen.storyboard */ = {isa = PBXFileReference; lastKnownFileType = file.storyboard; path = LaunchScreen.storyboard; sourceTree = "<group>"; };
		80071269253584D800F25FBC /* GFTextField.swift */ = {isa = PBXFileReference; lastKnownFileType = sourcecode.swift; path = GFTextField.swift; sourceTree = "<group>"; };
		8007126D2537824100F25FBC /* FollowerListVC.swift */ = {isa = PBXFileReference; lastKnownFileType = sourcecode.swift; path = FollowerListVC.swift; sourceTree = "<group>"; };
		8029461125433F01004B0595 /* FollowerCell.swift */ = {isa = PBXFileReference; lastKnownFileType = sourcecode.swift; path = FollowerCell.swift; sourceTree = "<group>"; };
		8029461525433FDA004B0595 /* GFAvatarImageView.swift */ = {isa = PBXFileReference; lastKnownFileType = sourcecode.swift; path = GFAvatarImageView.swift; sourceTree = "<group>"; };
		80294619254739CA004B0595 /* UIHelper.swift */ = {isa = PBXFileReference; lastKnownFileType = sourcecode.swift; path = UIHelper.swift; sourceTree = "<group>"; };
		806C1F57253E03B0005EB6F9 /* GFTitleLabel.swift */ = {isa = PBXFileReference; lastKnownFileType = sourcecode.swift; path = GFTitleLabel.swift; sourceTree = "<group>"; };
		806C1F5A253E055C005EB6F9 /* GFBodyLabel.swift */ = {isa = PBXFileReference; lastKnownFileType = sourcecode.swift; path = GFBodyLabel.swift; sourceTree = "<group>"; };
		806C1F5D253E0629005EB6F9 /* GFAlertViewController.swift */ = {isa = PBXFileReference; lastKnownFileType = sourcecode.swift; path = GFAlertViewController.swift; sourceTree = "<group>"; };
		806C1F60253E0E22005EB6F9 /* UIViewController+Ext.swift */ = {isa = PBXFileReference; lastKnownFileType = sourcecode.swift; path = "UIViewController+Ext.swift"; sourceTree = "<group>"; };
		806C1F69253F5562005EB6F9 /* Follower.swift */ = {isa = PBXFileReference; lastKnownFileType = sourcecode.swift; path = Follower.swift; sourceTree = "<group>"; };
		806C1F6C253F5606005EB6F9 /* User.swift */ = {isa = PBXFileReference; lastKnownFileType = sourcecode.swift; path = User.swift; sourceTree = "<group>"; };
		806C1F71253F5AA6005EB6F9 /* NetworkManager.swift */ = {isa = PBXFileReference; lastKnownFileType = sourcecode.swift; path = NetworkManager.swift; sourceTree = "<group>"; };
		806C1F75253F67EF005EB6F9 /* GFError.swift */ = {isa = PBXFileReference; lastKnownFileType = sourcecode.swift; path = GFError.swift; sourceTree = "<group>"; };
/* End PBXFileReference section */

/* Begin PBXFrameworksBuildPhase section */
		8007123E2534DD7F00F25FBC /* Frameworks */ = {
			isa = PBXFrameworksBuildPhase;
			buildActionMask = 2147483647;
			files = (
			);
			runOnlyForDeploymentPostprocessing = 0;
		};
/* End PBXFrameworksBuildPhase section */

/* Begin PBXGroup section */
		800712382534DD7F00F25FBC = {
			isa = PBXGroup;
			children = (
				800712432534DD7F00F25FBC /* GitHubFollowers */,
				800712422534DD7F00F25FBC /* Products */,
			);
			sourceTree = "<group>";
		};
		800712422534DD7F00F25FBC /* Products */ = {
			isa = PBXGroup;
			children = (
				800712412534DD7F00F25FBC /* GitHubFollowers.app */,
			);
			name = Products;
			sourceTree = "<group>";
		};
		800712432534DD7F00F25FBC /* GitHubFollowers */ = {
			isa = PBXGroup;
			children = (
				806C1F74253F67D3005EB6F9 /* Utilities */,
				806C1F70253F5A9C005EB6F9 /* Managers */,
				806C1F68253F5558005EB6F9 /* Models */,
				806C1F65253E1118005EB6F9 /* Extensions */,
				806C1F64253E10ED005EB6F9 /* Custom Views */,
				806C1F63253E109C005EB6F9 /* Screens */,
				806C1F66253E1165005EB6F9 /* Support */,
				800712522534DD8200F25FBC /* Info.plist */,
			);
			path = GitHubFollowers;
			sourceTree = "<group>";
		};
		8029461025433EC4004B0595 /* Cells */ = {
			isa = PBXGroup;
			children = (
				8029461125433F01004B0595 /* FollowerCell.swift */,
			);
			path = Cells;
			sourceTree = "<group>";
		};
		806C1F63253E109C005EB6F9 /* Screens */ = {
			isa = PBXGroup;
			children = (
				8007125C2534E32600F25FBC /* SearchVC.swift */,
				8007126D2537824100F25FBC /* FollowerListVC.swift */,
				8007125F2534E36300F25FBC /* FavoritesListVC.swift */,
			);
			path = Screens;
			sourceTree = "<group>";
		};
		806C1F64253E10ED005EB6F9 /* Custom Views */ = {
			isa = PBXGroup;
			children = (
				8029461025433EC4004B0595 /* Cells */,
				806C1F5D253E0629005EB6F9 /* GFAlertViewController.swift */,
				80071269253584D800F25FBC /* GFTextField.swift */,
				806C1F57253E03B0005EB6F9 /* GFTitleLabel.swift */,
				806C1F5A253E055C005EB6F9 /* GFBodyLabel.swift */,
				80071262253580C800F25FBC /* GFButton.swift */,
				8029461525433FDA004B0595 /* GFAvatarImageView.swift */,
			);
			path = "Custom Views";
			sourceTree = "<group>";
		};
		806C1F65253E1118005EB6F9 /* Extensions */ = {
			isa = PBXGroup;
			children = (
				806C1F60253E0E22005EB6F9 /* UIViewController+Ext.swift */,
			);
			path = Extensions;
			sourceTree = "<group>";
		};
		806C1F66253E1165005EB6F9 /* Support */ = {
			isa = PBXGroup;
			children = (
				80071266253583CA00F25FBC /* LaunchScreen.storyboard */,
				8007124D2534DD8200F25FBC /* Assets.xcassets */,
				800712442534DD7F00F25FBC /* AppDelegate.swift */,
				800712462534DD7F00F25FBC /* SceneDelegate.swift */,
			);
			path = Support;
			sourceTree = "<group>";
		};
		806C1F68253F5558005EB6F9 /* Models */ = {
			isa = PBXGroup;
			children = (
				806C1F69253F5562005EB6F9 /* Follower.swift */,
				806C1F6C253F5606005EB6F9 /* User.swift */,
			);
			path = Models;
			sourceTree = "<group>";
		};
		806C1F70253F5A9C005EB6F9 /* Managers */ = {
			isa = PBXGroup;
			children = (
				806C1F71253F5AA6005EB6F9 /* NetworkManager.swift */,
			);
			path = Managers;
			sourceTree = "<group>";
		};
		806C1F74253F67D3005EB6F9 /* Utilities */ = {
			isa = PBXGroup;
			children = (
				806C1F75253F67EF005EB6F9 /* GFError.swift */,
				80294619254739CA004B0595 /* UIHelper.swift */,
			);
			path = Utilities;
			sourceTree = "<group>";
		};
/* End PBXGroup section */

/* Begin PBXNativeTarget section */
		800712402534DD7F00F25FBC /* GitHubFollowers */ = {
			isa = PBXNativeTarget;
			buildConfigurationList = 800712552534DD8200F25FBC /* Build configuration list for PBXNativeTarget "GitHubFollowers" */;
			buildPhases = (
				8007123D2534DD7F00F25FBC /* Sources */,
				8007123E2534DD7F00F25FBC /* Frameworks */,
				8007123F2534DD7F00F25FBC /* Resources */,
			);
			buildRules = (
			);
			dependencies = (
			);
			name = GitHubFollowers;
			productName = GitHubFollowers;
			productReference = 800712412534DD7F00F25FBC /* GitHubFollowers.app */;
			productType = "com.apple.product-type.application";
		};
/* End PBXNativeTarget section */

/* Begin PBXProject section */
		800712392534DD7F00F25FBC /* Project object */ = {
			isa = PBXProject;
			attributes = {
				LastSwiftUpdateCheck = 1200;
				LastUpgradeCheck = 1200;
				TargetAttributes = {
					800712402534DD7F00F25FBC = {
						CreatedOnToolsVersion = 12.0.1;
					};
				};
			};
			buildConfigurationList = 8007123C2534DD7F00F25FBC /* Build configuration list for PBXProject "GitHubFollowers" */;
			compatibilityVersion = "Xcode 9.3";
			developmentRegion = en;
			hasScannedForEncodings = 0;
			knownRegions = (
				en,
				Base,
			);
			mainGroup = 800712382534DD7F00F25FBC;
			productRefGroup = 800712422534DD7F00F25FBC /* Products */;
			projectDirPath = "";
			projectRoot = "";
			targets = (
				800712402534DD7F00F25FBC /* GitHubFollowers */,
			);
		};
/* End PBXProject section */

/* Begin PBXResourcesBuildPhase section */
		8007123F2534DD7F00F25FBC /* Resources */ = {
			isa = PBXResourcesBuildPhase;
			buildActionMask = 2147483647;
			files = (
				8007124E2534DD8200F25FBC /* Assets.xcassets in Resources */,
				80071267253583CA00F25FBC /* LaunchScreen.storyboard in Resources */,
			);
			runOnlyForDeploymentPostprocessing = 0;
		};
/* End PBXResourcesBuildPhase section */

/* Begin PBXSourcesBuildPhase section */
		8007123D2534DD7F00F25FBC /* Sources */ = {
			isa = PBXSourcesBuildPhase;
			buildActionMask = 2147483647;
			files = (
				806C1F6D253F5606005EB6F9 /* User.swift in Sources */,
				806C1F5E253E0629005EB6F9 /* GFAlertViewController.swift in Sources */,
				8007126A253584D800F25FBC /* GFTextField.swift in Sources */,
				800712602534E36300F25FBC /* FavoritesListVC.swift in Sources */,
				806C1F61253E0E22005EB6F9 /* UIViewController+Ext.swift in Sources */,
				8029461A254739CA004B0595 /* UIHelper.swift in Sources */,
				8029461625433FDA004B0595 /* GFAvatarImageView.swift in Sources */,
				80071263253580C800F25FBC /* GFButton.swift in Sources */,
				8007125D2534E32600F25FBC /* SearchVC.swift in Sources */,
				8029461225433F01004B0595 /* FollowerCell.swift in Sources */,
				806C1F76253F67EF005EB6F9 /* GFError.swift in Sources */,
				806C1F5B253E055C005EB6F9 /* GFBodyLabel.swift in Sources */,
				806C1F6A253F5562005EB6F9 /* Follower.swift in Sources */,
				806C1F58253E03B0005EB6F9 /* GFTitleLabel.swift in Sources */,
				806C1F72253F5AA6005EB6F9 /* NetworkManager.swift in Sources */,
				8007126E2537824100F25FBC /* FollowerListVC.swift in Sources */,
				800712452534DD7F00F25FBC /* AppDelegate.swift in Sources */,
				800712472534DD7F00F25FBC /* SceneDelegate.swift in Sources */,
			);
			runOnlyForDeploymentPostprocessing = 0;
		};
/* End PBXSourcesBuildPhase section */

/* Begin XCBuildConfiguration section */
		800712532534DD8200F25FBC /* Debug */ = {
			isa = XCBuildConfiguration;
			buildSettings = {
				ALWAYS_SEARCH_USER_PATHS = NO;
				CLANG_ANALYZER_NONNULL = YES;
				CLANG_ANALYZER_NUMBER_OBJECT_CONVERSION = YES_AGGRESSIVE;
				CLANG_CXX_LANGUAGE_STANDARD = "gnu++14";
				CLANG_CXX_LIBRARY = "libc++";
				CLANG_ENABLE_MODULES = YES;
				CLANG_ENABLE_OBJC_ARC = YES;
				CLANG_ENABLE_OBJC_WEAK = YES;
				CLANG_WARN_BLOCK_CAPTURE_AUTORELEASING = YES;
				CLANG_WARN_BOOL_CONVERSION = YES;
				CLANG_WARN_COMMA = YES;
				CLANG_WARN_CONSTANT_CONVERSION = YES;
				CLANG_WARN_DEPRECATED_OBJC_IMPLEMENTATIONS = YES;
				CLANG_WARN_DIRECT_OBJC_ISA_USAGE = YES_ERROR;
				CLANG_WARN_DOCUMENTATION_COMMENTS = YES;
				CLANG_WARN_EMPTY_BODY = YES;
				CLANG_WARN_ENUM_CONVERSION = YES;
				CLANG_WARN_INFINITE_RECURSION = YES;
				CLANG_WARN_INT_CONVERSION = YES;
				CLANG_WARN_NON_LITERAL_NULL_CONVERSION = YES;
				CLANG_WARN_OBJC_IMPLICIT_RETAIN_SELF = YES;
				CLANG_WARN_OBJC_LITERAL_CONVERSION = YES;
				CLANG_WARN_OBJC_ROOT_CLASS = YES_ERROR;
				CLANG_WARN_QUOTED_INCLUDE_IN_FRAMEWORK_HEADER = YES;
				CLANG_WARN_RANGE_LOOP_ANALYSIS = YES;
				CLANG_WARN_STRICT_PROTOTYPES = YES;
				CLANG_WARN_SUSPICIOUS_MOVE = YES;
				CLANG_WARN_UNGUARDED_AVAILABILITY = YES_AGGRESSIVE;
				CLANG_WARN_UNREACHABLE_CODE = YES;
				CLANG_WARN__DUPLICATE_METHOD_MATCH = YES;
				COPY_PHASE_STRIP = NO;
				DEBUG_INFORMATION_FORMAT = dwarf;
				ENABLE_STRICT_OBJC_MSGSEND = YES;
				ENABLE_TESTABILITY = YES;
				GCC_C_LANGUAGE_STANDARD = gnu11;
				GCC_DYNAMIC_NO_PIC = NO;
				GCC_NO_COMMON_BLOCKS = YES;
				GCC_OPTIMIZATION_LEVEL = 0;
				GCC_PREPROCESSOR_DEFINITIONS = (
					"DEBUG=1",
					"$(inherited)",
				);
				GCC_WARN_64_TO_32_BIT_CONVERSION = YES;
				GCC_WARN_ABOUT_RETURN_TYPE = YES_ERROR;
				GCC_WARN_UNDECLARED_SELECTOR = YES;
				GCC_WARN_UNINITIALIZED_AUTOS = YES_AGGRESSIVE;
				GCC_WARN_UNUSED_FUNCTION = YES;
				GCC_WARN_UNUSED_VARIABLE = YES;
				IPHONEOS_DEPLOYMENT_TARGET = 14.0;
				MTL_ENABLE_DEBUG_INFO = INCLUDE_SOURCE;
				MTL_FAST_MATH = YES;
				ONLY_ACTIVE_ARCH = YES;
				SDKROOT = iphoneos;
				SWIFT_ACTIVE_COMPILATION_CONDITIONS = DEBUG;
				SWIFT_OPTIMIZATION_LEVEL = "-Onone";
			};
			name = Debug;
		};
		800712542534DD8200F25FBC /* Release */ = {
			isa = XCBuildConfiguration;
			buildSettings = {
				ALWAYS_SEARCH_USER_PATHS = NO;
				CLANG_ANALYZER_NONNULL = YES;
				CLANG_ANALYZER_NUMBER_OBJECT_CONVERSION = YES_AGGRESSIVE;
				CLANG_CXX_LANGUAGE_STANDARD = "gnu++14";
				CLANG_CXX_LIBRARY = "libc++";
				CLANG_ENABLE_MODULES = YES;
				CLANG_ENABLE_OBJC_ARC = YES;
				CLANG_ENABLE_OBJC_WEAK = YES;
				CLANG_WARN_BLOCK_CAPTURE_AUTORELEASING = YES;
				CLANG_WARN_BOOL_CONVERSION = YES;
				CLANG_WARN_COMMA = YES;
				CLANG_WARN_CONSTANT_CONVERSION = YES;
				CLANG_WARN_DEPRECATED_OBJC_IMPLEMENTATIONS = YES;
				CLANG_WARN_DIRECT_OBJC_ISA_USAGE = YES_ERROR;
				CLANG_WARN_DOCUMENTATION_COMMENTS = YES;
				CLANG_WARN_EMPTY_BODY = YES;
				CLANG_WARN_ENUM_CONVERSION = YES;
				CLANG_WARN_INFINITE_RECURSION = YES;
				CLANG_WARN_INT_CONVERSION = YES;
				CLANG_WARN_NON_LITERAL_NULL_CONVERSION = YES;
				CLANG_WARN_OBJC_IMPLICIT_RETAIN_SELF = YES;
				CLANG_WARN_OBJC_LITERAL_CONVERSION = YES;
				CLANG_WARN_OBJC_ROOT_CLASS = YES_ERROR;
				CLANG_WARN_QUOTED_INCLUDE_IN_FRAMEWORK_HEADER = YES;
				CLANG_WARN_RANGE_LOOP_ANALYSIS = YES;
				CLANG_WARN_STRICT_PROTOTYPES = YES;
				CLANG_WARN_SUSPICIOUS_MOVE = YES;
				CLANG_WARN_UNGUARDED_AVAILABILITY = YES_AGGRESSIVE;
				CLANG_WARN_UNREACHABLE_CODE = YES;
				CLANG_WARN__DUPLICATE_METHOD_MATCH = YES;
				COPY_PHASE_STRIP = NO;
				DEBUG_INFORMATION_FORMAT = "dwarf-with-dsym";
				ENABLE_NS_ASSERTIONS = NO;
				ENABLE_STRICT_OBJC_MSGSEND = YES;
				GCC_C_LANGUAGE_STANDARD = gnu11;
				GCC_NO_COMMON_BLOCKS = YES;
				GCC_WARN_64_TO_32_BIT_CONVERSION = YES;
				GCC_WARN_ABOUT_RETURN_TYPE = YES_ERROR;
				GCC_WARN_UNDECLARED_SELECTOR = YES;
				GCC_WARN_UNINITIALIZED_AUTOS = YES_AGGRESSIVE;
				GCC_WARN_UNUSED_FUNCTION = YES;
				GCC_WARN_UNUSED_VARIABLE = YES;
				IPHONEOS_DEPLOYMENT_TARGET = 14.0;
				MTL_ENABLE_DEBUG_INFO = NO;
				MTL_FAST_MATH = YES;
				SDKROOT = iphoneos;
				SWIFT_COMPILATION_MODE = wholemodule;
				SWIFT_OPTIMIZATION_LEVEL = "-O";
				VALIDATE_PRODUCT = YES;
			};
			name = Release;
		};
		800712562534DD8200F25FBC /* Debug */ = {
			isa = XCBuildConfiguration;
			buildSettings = {
				ASSETCATALOG_COMPILER_APPICON_NAME = AppIcon;
				ASSETCATALOG_COMPILER_GLOBAL_ACCENT_COLOR_NAME = AccentColor;
				CODE_SIGN_STYLE = Automatic;
				DEVELOPMENT_TEAM = 4DZQ8R87XF;
				INFOPLIST_FILE = GitHubFollowers/Info.plist;
				LD_RUNPATH_SEARCH_PATHS = (
					"$(inherited)",
					"@executable_path/Frameworks",
				);
				PRODUCT_BUNDLE_IDENTIFIER = ru.nextexit.GitHubFollowers;
				PRODUCT_NAME = "$(TARGET_NAME)";
				SWIFT_VERSION = 5.0;
				TARGETED_DEVICE_FAMILY = 1;
			};
			name = Debug;
		};
		800712572534DD8200F25FBC /* Release */ = {
			isa = XCBuildConfiguration;
			buildSettings = {
				ASSETCATALOG_COMPILER_APPICON_NAME = AppIcon;
				ASSETCATALOG_COMPILER_GLOBAL_ACCENT_COLOR_NAME = AccentColor;
				CODE_SIGN_STYLE = Automatic;
				DEVELOPMENT_TEAM = 4DZQ8R87XF;
				INFOPLIST_FILE = GitHubFollowers/Info.plist;
				LD_RUNPATH_SEARCH_PATHS = (
					"$(inherited)",
					"@executable_path/Frameworks",
				);
				PRODUCT_BUNDLE_IDENTIFIER = ru.nextexit.GitHubFollowers;
				PRODUCT_NAME = "$(TARGET_NAME)";
				SWIFT_VERSION = 5.0;
				TARGETED_DEVICE_FAMILY = 1;
			};
			name = Release;
		};
/* End XCBuildConfiguration section */

/* Begin XCConfigurationList section */
		8007123C2534DD7F00F25FBC /* Build configuration list for PBXProject "GitHubFollowers" */ = {
			isa = XCConfigurationList;
			buildConfigurations = (
				800712532534DD8200F25FBC /* Debug */,
				800712542534DD8200F25FBC /* Release */,
			);
			defaultConfigurationIsVisible = 0;
			defaultConfigurationName = Release;
		};
		800712552534DD8200F25FBC /* Build configuration list for PBXNativeTarget "GitHubFollowers" */ = {
			isa = XCConfigurationList;
			buildConfigurations = (
				800712562534DD8200F25FBC /* Debug */,
				800712572534DD8200F25FBC /* Release */,
			);
			defaultConfigurationIsVisible = 0;
			defaultConfigurationName = Release;
		};
/* End XCConfigurationList section */
	};
	rootObject = 800712392534DD7F00F25FBC /* Project object */;
}
